
Microsoft Visual Studio Solution File, Format Version 12.00
# Visual Studio Version 17
VisualStudioVersion = 17.14.37628.2 d17.14
MinimumVisualStudioVersion = 10.0.40219.1
Project("{FAE04EC0-301F-11D3-BF4B-00C04F79EFBC}") = "Electricity Bill Calculator", "Electricity Bill Calculator\Electricity Bill Calculator.csproj", "{A019D858-E637-4218-9746-99A72C4D1B88}"
EndProject
Global
	GlobalSection(SolutionConfigurationPlatforms) = preSolution
		Debug|Any CPU = Debug|Any CPU
		Release|Any CPU = Release|Any CPU
	EndGlobalSection
	GlobalSection(ProjectConfigurationPlatforms) = postSolution
		{A019D858-E637-4218-9746-99A72C4D1B88}.Debug|Any CPU.ActiveCfg = Debug|Any CPU
		{A019D858-E637-4218-9746-99A72C4D1B88}.Debug|Any CPU.Build.0 = Debug|Any CPU
		{A019D858-E637-4218-9746-99A72C4D1B88}.Release|Any CPU.ActiveCfg = Release|Any CPU
		{A019D858-E637-4218-9746-99A72C4D1B88}.Release|Any CPU.Build.0 = Release|Any CPU
	EndGlobalSection
	GlobalSection(SolutionProperties) = preSolution
		HideSolutionNode = FALSE
	EndGlobalSection
	GlobalSection(ExtensibilityGlobals) = postSolution
		SolutionGuid = {17DDB260-6874-4306-A2F3-DA08BAE4E7F2}
	EndGlobalSection
EndGlobal
